
Microsoft Visual Studio Solution File, Format Version 11.00
# Visual Studio 2010
Project("{FAE04EC0-301F-11D3-BF4B-00C04F79EFBC}") = "WFAlinqProj", "WFAlinqProj\WFAlinqProj.csproj", "{B1D8AC20-FA17-4E3E-8F15-964C4207EA0F}"
EndProject
Project("{FAE04EC0-301F-11D3-BF4B-00C04F79EFBC}") = "DataLay", "DataLay\DataLay.csproj", "{1E8B88C0-D04F-444A-8A83-856698933739}"
EndProject
Project("{FAE04EC0-301F-11D3-BF4B-00C04F79EFBC}") = "BizLay", "BizLay\BizLay.csproj", "{D5BB9EEF-7269-4950-9D17-0E3FB579C4A6}"
EndProject
Project("{FAE04EC0-301F-11D3-BF4B-00C04F79EFBC}") = "TestProject1", "TestProject1\TestProject1.csproj", "{44AFA1DB-B621-4EA0-9B60-4B046FB5E7ED}"
EndProject
Project("{2150E333-8FDC-42A3-9474-1A3956D46DE8}") = "Solution Items", "Solution Items", "{C92D69BB-190C-4C34-B6D0-C6B49A8DCB26}"
	ProjectSection(SolutionItems) = preProject
		Local.testsettings = Local.testsettings
		TraceAndTestImpact.testsettings = TraceAndTestImpact.testsettings
		WFAlinqProj.vsmdi = WFAlinqProj.vsmdi
	EndProjectSection
EndProject
Global
	GlobalSection(TestCaseManagementSettings) = postSolution
		CategoryFile = WFAlinqProj.vsmdi
	EndGlobalSection
	GlobalSection(SolutionConfigurationPlatforms) = preSolution
		Debug|Any CPU = Debug|Any CPU
		Debug|Mixed Platforms = Debug|Mixed Platforms
		Debug|x86 = Debug|x86
		Release|Any CPU = Release|Any CPU
		Release|Mixed Platforms = Release|Mixed Platforms
		Release|x86 = Release|x86
	EndGlobalSection
	GlobalSection(ProjectConfigurationPlatforms) = postSolution
		{B1D8AC20-FA17-4E3E-8F15-964C4207EA0F}.Debug|Any CPU.ActiveCfg = Debug|x86
		{B1D8AC20-FA17-4E3E-8F15-964C4207EA0F}.Debug|Mixed Platforms.ActiveCfg = Debug|x86
		{B1D8AC20-FA17-4E3E-8F15-964C4207EA0F}.Debug|Mixed Platforms.Build.0 = Debug|x86
		{B1D8AC20-FA17-4E3E-8F15-964C4207EA0F}.Debug|x86.ActiveCfg = Debug|x86
		{B1D8AC20-FA17-4E3E-8F15-964C4207EA0F}.Debug|x86.Build.0 = Debug|x86
		{B1D8AC20-FA17-4E3E-8F15-964C4207EA0F}.Release|Any CPU.ActiveCfg = Release|x86
		{B1D8AC20-FA17-4E3E-8F15-964C4207EA0F}.Release|Mixed Platforms.ActiveCfg = Release|x86
		{B1D8AC20-FA17-4E3E-8F15-964C4207EA0F}.Release|Mixed Platforms.Build.0 = Release|x86
		{B1D8AC20-FA17-4E3E-8F15-964C4207EA0F}.Release|x86.ActiveCfg = Release|x86
		{B1D8AC20-FA17-4E3E-8F15-964C4207EA0F}.Release|x86.Build.0 = Release|x86
		{1E8B88C0-D04F-444A-8A83-856698933739}.Debug|Any CPU.ActiveCfg = Debug|Any CPU
		{1E8B88C0-D04F-444A-8A83-856698933739}.Debug|Any CPU.Build.0 = Debug|Any CPU
		{1E8B88C0-D04F-444A-8A83-856698933739}.Debug|Mixed Platforms.ActiveCfg = Debug|Any CPU
		{1E8B88C0-D04F-444A-8A83-856698933739}.Debug|Mixed Platforms.Build.0 = Debug|Any CPU
		{1E8B88C0-D04F-444A-8A83-856698933739}.Debug|x86.ActiveCfg = Debug|Any CPU
		{1E8B88C0-D04F-444A-8A83-856698933739}.Release|Any CPU.ActiveCfg = Release|Any CPU
		{1E8B88C0-D04F-444A-8A83-856698933739}.Release|Any CPU.Build.0 = Release|Any CPU
		{1E8B88C0-D04F-444A-8A83-856698933739}.Release|Mixed Platforms.ActiveCfg = Release|Any CPU
		{1E8B88C0-D04F-444A-8A83-856698933739}.Release|Mixed Platforms.Build.0 = Release|Any CPU
		{1E8B88C0-D04F-444A-8A83-856698933739}.Release|x86.ActiveCfg = Release|Any CPU
		{D5BB9EEF-7269-4950-9D17-0E3FB579C4A6}.Debug|Any CPU.ActiveCfg = Debug|Any CPU
		{D5BB9EEF-7269-4950-9D17-0E3FB579C4A6}.Debug|Any CPU.Build.0 = Debug|Any CPU
		{D5BB9EEF-7269-4950-9D17-0E3FB579C4A6}.Debug|Mixed Platforms.ActiveCfg = Debug|Any CPU
		{D5BB9EEF-7269-4950-9D17-0E3FB579C4A6}.Debug|Mixed Platforms.Build.0 = Debug|Any CPU
		{D5BB9EEF-7269-4950-9D17-0E3FB579C4A6}.Debug|x86.ActiveCfg = Debug|Any CPU
		{D5BB9EEF-7269-4950-9D17-0E3FB579C4A6}.Release|Any CPU.ActiveCfg = Release|Any CPU
		{D5BB9EEF-7269-4950-9D17-0E3FB579C4A6}.Release|Any CPU.Build.0 = Release|Any CPU
		{D5BB9EEF-7269-4950-9D17-0E3FB579C4A6}.Release|Mixed Platforms.ActiveCfg = Release|Any CPU
		{D5BB9EEF-7269-4950-9D17-0E3FB579C4A6}.Release|Mixed Platforms.Build.0 = Release|Any CPU
		{D5BB9EEF-7269-4950-9D17-0E3FB579C4A6}.Release|x86.ActiveCfg = Release|Any CPU
		{44AFA1DB-B621-4EA0-9B60-4B046FB5E7ED}.Debug|Any CPU.ActiveCfg = Debug|Any CPU
		{44AFA1DB-B621-4EA0-9B60-4B046FB5E7ED}.Debug|Any CPU.Build.0 = Debug|Any CPU
		{44AFA1DB-B621-4EA0-9B60-4B046FB5E7ED}.Debug|Mixed Platforms.ActiveCfg = Debug|Any CPU
		{44AFA1DB-B621-4EA0-9B60-4B046FB5E7ED}.Debug|Mixed Platforms.Build.0 = Debug|Any CPU
		{44AFA1DB-B621-4EA0-9B60-4B046FB5E7ED}.Debug|x86.ActiveCfg = Debug|Any CPU
		{44AFA1DB-B621-4EA0-9B60-4B046FB5E7ED}.Release|Any CPU.ActiveCfg = Release|Any CPU
		{44AFA1DB-B621-4EA0-9B60-4B046FB5E7ED}.Release|Any CPU.Build.0 = Release|Any CPU
		{44AFA1DB-B621-4EA0-9B60-4B046FB5E7ED}.Release|Mixed Platforms.ActiveCfg = Release|Any CPU
		{44AFA1DB-B621-4EA0-9B60-4B046FB5E7ED}.Release|Mixed Platforms.Build.0 = Release|Any CPU
		{44AFA1DB-B621-4EA0-9B60-4B046FB5E7ED}.Release|x86.ActiveCfg = Release|Any CPU
	EndGlobalSection
	GlobalSection(SolutionProperties) = preSolution
		HideSolutionNode = FALSE
	EndGlobalSection
EndGlobal
